github.com/yalue/onnxruntime_go v1.32.0 h1:O4pPw3IT+46CRrfuT0lcHWkczVoFvtfq6kMAO/iIVKc=
github.com/yalue/onnxruntime_go v1.32.0/go.mod h1:b4X26A8pekNb1ACJ58wAXgNKeUCGEAQ9dmACut9Sm/4=
golang.org/x/text v0.41.0 h1:vz/seA0lnX87Othu2f/0L24RcgrXD9/YFTSuGjj3rH8=
golang.org/x/text v0.41.0/go.mod h1:jvf1O8ajNzZqhSrQBPbutR/EB83Cc0CFrezNQIwbb5M=
