github.com/yalue/onnxruntime_go v1.32.0 h1:O4pPw3IT+46CRrfuT0lcHWkczVoFvtfq6kMAO/iIVKc=
github.com/yalue/onnxruntime_go v1.32.0/go.mod h1:b4X26A8pekNb1ACJ58wAXgNKeUCGEAQ9dmACut9Sm/4=
golang.org/x/text v0.40.0 h1:Ub2Z6/xjgF1WrYQz2nuITOEegKFtiIy+rieRJ5lHZKs=
golang.org/x/text v0.40.0/go.mod h1:hpnzDAfGV753zIKo+wk3u1bVKCGPbrnF7+7LBF/UHVY=
